PODS:
  - Consent-String (1.1.1)
  - VectauryCMP (1.0):
    - Consent-String (~> 1.0)

DEPENDENCIES:
  - VectauryCMP

SPEC REPOS:
  https://github.com/cocoapods/specs.git:
    - Consent-String
    - VectauryCMP

SPEC CHECKSUMS:
  Consent-String: 772e288dfab69c58b187b0bae857608beab55c3d
  VectauryCMP: 7bf6526be0d2f80d9bd3edd7ce09fdb67494e180

PODFILE CHECKSUM: 8b8f4848aa35dec79255273f13a250a92b22293a

COCOAPODS: 1.5.3
