// !$*UTF8*$!
{
	archiveVersion = 1;
	classes = {
	};
	objectVersion = 50;
	objects = {

/* Begin PBXBuildFile section */
		4F27155B0A758A5C3B4C9BF7 /* libPods-CMP-Sample.a in Frameworks */ = {isa = PBXBuildFile; fileRef = 0F94F53CA4301574F3CFE3E2 /* libPods-CMP-Sample.a */; };
		C9B3A9BB210F0BA600E44D01 /* AppDelegate.m in Sources */ = {isa = PBXBuildFile; fileRef = C9B3A9BA210F0BA600E44D01 /* AppDelegate.m */; };
		C9B3A9BE210F0BA600E44D01 /* ViewController.m in Sources */ = {isa = PBXBuildFile; fileRef = C9B3A9BD210F0BA600E44D01 /* ViewController.m */; };
		C9B3A9C1210F0BA600E44D01 /* Main.storyboard in Resources */ = {isa = PBXBuildFile; fileRef = C9B3A9BF210F0BA600E44D01 /* Main.storyboard */; };
		C9B3A9C3210F0BA800E44D01 /* Assets.xcassets in Resources */ = {isa = PBXBuildFile; fileRef = C9B3A9C2210F0BA800E44D01 /* Assets.xcassets */; };
		C9B3A9C6210F0BA800E44D01 /* LaunchScreen.storyboard in Resources */ = {isa = PBXBuildFile; fileRef = C9B3A9C4210F0BA800E44D01 /* LaunchScreen.storyboard */; };
		C9B3A9C9210F0BA800E44D01 /* main.m in Sources */ = {isa = PBXBuildFile; fileRef = C9B3A9C8210F0BA800E44D01 /* main.m */; };
		C9B3A9D0210F0DA900E44D01 /* logo.jpg in Resources */ = {isa = PBXBuildFile; fileRef = C9B3A9CF210F0DA900E44D01 /* logo.jpg */; };
/* End PBXBuildFile section */

/* Begin PBXFileReference section */
		0F94F53CA4301574F3CFE3E2 /* libPods-CMP-Sample.a */ = {isa = PBXFileReference; explicitFileType = archive.ar; includeInIndex = 0; path = "libPods-CMP-Sample.a"; sourceTree = BUILT_PRODUCTS_DIR; };
		866F86617C85BB05E2672986 /* Pods-CMP-Sample.debug.xcconfig */ = {isa = PBXFileReference; includeInIndex = 1; lastKnownFileType = text.xcconfig; name = "Pods-CMP-Sample.debug.xcconfig"; path = "Pods/Target Support Files/Pods-CMP-Sample/Pods-CMP-Sample.debug.xcconfig"; sourceTree = "<group>"; };
		C9B3A9B6210F0BA600E44D01 /* CMP-Sample.app */ = {isa = PBXFileReference; explicitFileType = wrapper.application; includeInIndex = 0; path = "CMP-Sample.app"; sourceTree = BUILT_PRODUCTS_DIR; };
		C9B3A9B9210F0BA600E44D01 /* AppDelegate.h */ = {isa = PBXFileReference; lastKnownFileType = sourcecode.c.h; path = AppDelegate.h; sourceTree = "<group>"; };
		C9B3A9BA210F0BA600E44D01 /* AppDelegate.m */ = {isa = PBXFileReference; lastKnownFileType = sourcecode.c.objc; path = AppDelegate.m; sourceTree = "<group>"; };
		C9B3A9BC210F0BA600E44D01 /* ViewController.h */ = {isa = PBXFileReference; lastKnownFileType = sourcecode.c.h; path = ViewController.h; sourceTree = "<group>"; };
		C9B3A9BD210F0BA600E44D01 /* ViewController.m */ = {isa = PBXFileReference; lastKnownFileType = sourcecode.c.objc; path = ViewController.m; sourceTree = "<group>"; };
		C9B3A9C0210F0BA600E44D01 /* Base */ = {isa = PBXFileReference; lastKnownFileType = file.storyboard; name = Base; path = Base.lproj/Main.storyboard; sourceTree = "<group>"; };
		C9B3A9C2210F0BA800E44D01 /* Assets.xcassets */ = {isa = PBXFileReference; lastKnownFileType = folder.assetcatalog; path = Assets.xcassets; sourceTree = "<group>"; };
		C9B3A9C5210F0BA800E44D01 /* Base */ = {isa = PBXFileReference; lastKnownFileType = file.storyboard; name = Base; path = Base.lproj/LaunchScreen.storyboard; sourceTree = "<group>"; };
		C9B3A9C7210F0BA800E44D01 /* Info.plist */ = {isa = PBXFileReference; lastKnownFileType = text.plist.xml; path = Info.plist; sourceTree = "<group>"; };
		C9B3A9C8210F0BA800E44D01 /* main.m */ = {isa = PBXFileReference; lastKnownFileType = sourcecode.c.objc; path = main.m; sourceTree = "<group>"; };
		C9B3A9CF210F0DA900E44D01 /* logo.jpg */ = {isa = PBXFileReference; lastKnownFileType = image.jpeg; name = logo.jpg; path = "../../../CocoaPods--CMP--Swift/CMP-Sample/CMP-Sample/logo.jpg"; sourceTree = "<group>"; };
		D5B418FBA91C801A6609623F /* Pods-CMP-Sample.release.xcconfig */ = {isa = PBXFileReference; includeInIndex = 1; lastKnownFileType = text.xcconfig; name = "Pods-CMP-Sample.release.xcconfig"; path = "Pods/Target Support Files/Pods-CMP-Sample/Pods-CMP-Sample.release.xcconfig"; sourceTree = "<group>"; };
/* End PBXFileReference section */

/* Begin PBXFrameworksBuildPhase section */
		C9B3A9B3210F0BA600E44D01 /* Frameworks */ = {
			isa = PBXFrameworksBuildPhase;
			buildActionMask = 2147483647;
			files = (
				4F27155B0A758A5C3B4C9BF7 /* libPods-CMP-Sample.a in Frameworks */,
			);
			runOnlyForDeploymentPostprocessing = 0;
		};
/* End PBXFrameworksBuildPhase section */

/* Begin PBXGroup section */
		0C56D60DE57FABE57C06D022 /* Frameworks */ = {
			isa = PBXGroup;
			children = (
				0F94F53CA4301574F3CFE3E2 /* libPods-CMP-Sample.a */,
			);
			name = Frameworks;
			sourceTree = "<group>";
		};
		C9B3A9AD210F0BA600E44D01 = {
			isa = PBXGroup;
			children = (
				C9B3A9B8210F0BA600E44D01 /* CMP-Sample */,
				C9B3A9B7210F0BA600E44D01 /* Products */,
				DCBDB3F3E788FA86B7AB3C41 /* Pods */,
				0C56D60DE57FABE57C06D022 /* Frameworks */,
			);
			sourceTree = "<group>";
		};
		C9B3A9B7210F0BA600E44D01 /* Products */ = {
			isa = PBXGroup;
			children = (
				C9B3A9B6210F0BA600E44D01 /* CMP-Sample.app */,
			);
			name = Products;
			sourceTree = "<group>";
		};
		C9B3A9B8210F0BA600E44D01 /* CMP-Sample */ = {
			isa = PBXGroup;
			children = (
				C9B3A9CF210F0DA900E44D01 /* logo.jpg */,
				C9B3A9B9210F0BA600E44D01 /* AppDelegate.h */,
				C9B3A9BA210F0BA600E44D01 /* AppDelegate.m */,
				C9B3A9BC210F0BA600E44D01 /* ViewController.h */,
				C9B3A9BD210F0BA600E44D01 /* ViewController.m */,
				C9B3A9BF210F0BA600E44D01 /* Main.storyboard */,
				C9B3A9C2210F0BA800E44D01 /* Assets.xcassets */,
				C9B3A9C4210F0BA800E44D01 /* LaunchScreen.storyboard */,
				C9B3A9C7210F0BA800E44D01 /* Info.plist */,
				C9B3A9C8210F0BA800E44D01 /* main.m */,
			);
			path = "CMP-Sample";
			sourceTree = "<group>";
		};
		DCBDB3F3E788FA86B7AB3C41 /* Pods */ = {
			isa = PBXGroup;
			children = (
				866F86617C85BB05E2672986 /* Pods-CMP-Sample.debug.xcconfig */,
				D5B418FBA91C801A6609623F /* Pods-CMP-Sample.release.xcconfig */,
			);
			name = Pods;
			sourceTree = "<group>";
		};
/* End PBXGroup section */

/* Begin PBXNativeTarget section */
		C9B3A9B5210F0BA600E44D01 /* CMP-Sample */ = {
			isa = PBXNativeTarget;
			buildConfigurationList = C9B3A9CC210F0BA800E44D01 /* Build configuration list for PBXNativeTarget "CMP-Sample" */;
			buildPhases = (
				A1450C4733DD954AA306D109 /* [CP] Check Pods Manifest.lock */,
				C9B3A9B2210F0BA600E44D01 /* Sources */,
				C9B3A9B3210F0BA600E44D01 /* Frameworks */,
				C9B3A9B4210F0BA600E44D01 /* Resources */,
				D7A685CBDA851E5A1864183E /* [CP] Embed Pods Frameworks */,
			);
			buildRules = (
			);
			dependencies = (
			);
			name = "CMP-Sample";
			productName = "CMP-Sample";
			productReference = C9B3A9B6210F0BA600E44D01 /* CMP-Sample.app */;
			productType = "com.apple.product-type.application";
		};
/* End PBXNativeTarget section */

/* Begin PBXProject section */
		C9B3A9AE210F0BA600E44D01 /* Project object */ = {
			isa = PBXProject;
			attributes = {
				LastUpgradeCheck = 0940;
				ORGANIZATIONNAME = Vectaury;
				TargetAttributes = {
					C9B3A9B5210F0BA600E44D01 = {
						CreatedOnToolsVersion = 9.4.1;
					};
				};
			};
			buildConfigurationList = C9B3A9B1210F0BA600E44D01 /* Build configuration list for PBXProject "CMP-Sample" */;
			compatibilityVersion = "Xcode 9.3";
			developmentRegion = en;
			hasScannedForEncodings = 0;
			knownRegions = (
				en,
				Base,
			);
			mainGroup = C9B3A9AD210F0BA600E44D01;
			productRefGroup = C9B3A9B7210F0BA600E44D01 /* Products */;
			projectDirPath = "";
			projectRoot = "";
			targets = (
				C9B3A9B5210F0BA600E44D01 /* CMP-Sample */,
			);
		};
/* End PBXProject section */

/* Begin PBXResourcesBuildPhase section */
		C9B3A9B4210F0BA600E44D01 /* Resources */ = {
			isa = PBXResourcesBuildPhase;
			buildActionMask = 2147483647;
			files = (
				C9B3A9D0210F0DA900E44D01 /* logo.jpg in Resources */,
				C9B3A9C6210F0BA800E44D01 /* LaunchScreen.storyboard in Resources */,
				C9B3A9C3210F0BA800E44D01 /* Assets.xcassets in Resources */,
				C9B3A9C1210F0BA600E44D01 /* Main.storyboard in Resources */,
			);
			runOnlyForDeploymentPostprocessing = 0;
		};
/* End PBXResourcesBuildPhase section */

/* Begin PBXShellScriptBuildPhase section */
		A1450C4733DD954AA306D109 /* [CP] Check Pods Manifest.lock */ = {
			isa = PBXShellScriptBuildPhase;
			buildActionMask = 2147483647;
			files = (
			);
			inputPaths = (
				"${PODS_PODFILE_DIR_PATH}/Podfile.lock",
				"${PODS_ROOT}/Manifest.lock",
			);
			name = "[CP] Check Pods Manifest.lock";
			outputPaths = (
				"$(DERIVED_FILE_DIR)/Pods-CMP-Sample-checkManifestLockResult.txt",
			);
			runOnlyForDeploymentPostprocessing = 0;
			shellPath = /bin/sh;
			shellScript = "diff \"${PODS_PODFILE_DIR_PATH}/Podfile.lock\" \"${PODS_ROOT}/Manifest.lock\" > /dev/null\nif [ $? != 0 ] ; then\n    # print error to STDERR\n    echo \"error: The sandbox is not in sync with the Podfile.lock. Run 'pod install' or update your CocoaPods installation.\" >&2\n    exit 1\nfi\n# This output is used by Xcode 'outputs' to avoid re-running this script phase.\necho \"SUCCESS\" > \"${SCRIPT_OUTPUT_FILE_0}\"\n";
			showEnvVarsInLog = 0;
		};
		D7A685CBDA851E5A1864183E /* [CP] Embed Pods Frameworks */ = {
			isa = PBXShellScriptBuildPhase;
			buildActionMask = 2147483647;
			files = (
			);
			inputPaths = (
				"${SRCROOT}/Pods/Target Support Files/Pods-CMP-Sample/Pods-CMP-Sample-frameworks.sh",
				"${PODS_ROOT}/Consent-String/VectauryCMPConsentString.framework",
				"${PODS_ROOT}/VectauryCMP/VectauryCMP.framework",
			);
			name = "[CP] Embed Pods Frameworks";
			outputPaths = (
				"${TARGET_BUILD_DIR}/${FRAMEWORKS_FOLDER_PATH}/VectauryCMPConsentString.framework",
				"${TARGET_BUILD_DIR}/${FRAMEWORKS_FOLDER_PATH}/VectauryCMP.framework",
			);
			runOnlyForDeploymentPostprocessing = 0;
			shellPath = /bin/sh;
			shellScript = "\"${SRCROOT}/Pods/Target Support Files/Pods-CMP-Sample/Pods-CMP-Sample-frameworks.sh\"\n";
			showEnvVarsInLog = 0;
		};
/* End PBXShellScriptBuildPhase section */

/* Begin PBXSourcesBuildPhase section */
		C9B3A9B2210F0BA600E44D01 /* Sources */ = {
			isa = PBXSourcesBuildPhase;
			buildActionMask = 2147483647;
			files = (
				C9B3A9BE210F0BA600E44D01 /* ViewController.m in Sources */,
				C9B3A9C9210F0BA800E44D01 /* main.m in Sources */,
				C9B3A9BB210F0BA600E44D01 /* AppDelegate.m in Sources */,
			);
			runOnlyForDeploymentPostprocessing = 0;
		};
/* End PBXSourcesBuildPhase section */

/* Begin PBXVariantGroup section */
		C9B3A9BF210F0BA600E44D01 /* Main.storyboard */ = {
			isa = PBXVariantGroup;
			children = (
				C9B3A9C0210F0BA600E44D01 /* Base */,
			);
			name = Main.storyboard;
			sourceTree = "<group>";
		};
		C9B3A9C4210F0BA800E44D01 /* LaunchScreen.storyboard */ = {
			isa = PBXVariantGroup;
			children = (
				C9B3A9C5210F0BA800E44D01 /* Base */,
			);
			name = LaunchScreen.storyboard;
			sourceTree = "<group>";
		};
/* End PBXVariantGroup section */

/* Begin XCBuildConfiguration section */
		C9B3A9CA210F0BA800E44D01 /* Debug */ = {
			isa = XCBuildConfiguration;
			buildSettings = {
				ALWAYS_SEARCH_USER_PATHS = NO;
				CLANG_ANALYZER_NONNULL = YES;
				CLANG_ANALYZER_NUMBER_OBJECT_CONVERSION = YES_AGGRESSIVE;
				CLANG_CXX_LANGUAGE_STANDARD = "gnu++14";
				CLANG_CXX_LIBRARY = "libc++";
				CLANG_ENABLE_MODULES = YES;
				CLANG_ENABLE_OBJC_ARC = YES;
				CLANG_ENABLE_OBJC_WEAK = YES;
				CLANG_WARN_BLOCK_CAPTURE_AUTORELEASING = YES;
				CLANG_WARN_BOOL_CONVERSION = YES;
				CLANG_WARN_COMMA = YES;
				CLANG_WARN_CONSTANT_CONVERSION = YES;
				CLANG_WARN_DEPRECATED_OBJC_IMPLEMENTATIONS = YES;
				CLANG_WARN_DIRECT_OBJC_ISA_USAGE = YES_ERROR;
				CLANG_WARN_DOCUMENTATION_COMMENTS = YES;
				CLANG_WARN_EMPTY_BODY = YES;
				CLANG_WARN_ENUM_CONVERSION = YES;
				CLANG_WARN_INFINITE_RECURSION = YES;
				CLANG_WARN_INT_CONVERSION = YES;
				CLANG_WARN_NON_LITERAL_NULL_CONVERSION = YES;
				CLANG_WARN_OBJC_IMPLICIT_RETAIN_SELF = YES;
				CLANG_WARN_OBJC_LITERAL_CONVERSION = YES;
				CLANG_WARN_OBJC_ROOT_CLASS = YES_ERROR;
				CLANG_WARN_RANGE_LOOP_ANALYSIS = YES;
				CLANG_WARN_STRICT_PROTOTYPES = YES;
				CLANG_WARN_SUSPICIOUS_MOVE = YES;
				CLANG_WARN_UNGUARDED_AVAILABILITY = YES_AGGRESSIVE;
				CLANG_WARN_UNREACHABLE_CODE = YES;
				CLANG_WARN__DUPLICATE_METHOD_MATCH = YES;
				CODE_SIGN_IDENTITY = "iPhone Developer";
				COPY_PHASE_STRIP = NO;
				DEBUG_INFORMATION_FORMAT = dwarf;
				ENABLE_STRICT_OBJC_MSGSEND = YES;
				ENABLE_TESTABILITY = YES;
				GCC_C_LANGUAGE_STANDARD = gnu11;
				GCC_DYNAMIC_NO_PIC = NO;
				GCC_NO_COMMON_BLOCKS = YES;
				GCC_OPTIMIZATION_LEVEL = 0;
				GCC_PREPROCESSOR_DEFINITIONS = (
					"DEBUG=1",
					"$(inherited)",
				);
				GCC_WARN_64_TO_32_BIT_CONVERSION = YES;
				GCC_WARN_ABOUT_RETURN_TYPE = YES_ERROR;
				GCC_WARN_UNDECLARED_SELECTOR = YES;
				GCC_WARN_UNINITIALIZED_AUTOS = YES_AGGRESSIVE;
				GCC_WARN_UNUSED_FUNCTION = YES;
				GCC_WARN_UNUSED_VARIABLE = YES;
				IPHONEOS_DEPLOYMENT_TARGET = 11.4;
				MTL_ENABLE_DEBUG_INFO = YES;
				ONLY_ACTIVE_ARCH = YES;
				SDKROOT = iphoneos;
			};
			name = Debug;
		};
		C9B3A9CB210F0BA800E44D01 /* Release */ = {
			isa = XCBuildConfiguration;
			buildSettings = {
				ALWAYS_SEARCH_USER_PATHS = NO;
				CLANG_ANALYZER_NONNULL = YES;
				CLANG_ANALYZER_NUMBER_OBJECT_CONVERSION = YES_AGGRESSIVE;
				CLANG_CXX_LANGUAGE_STANDARD = "gnu++14";
				CLANG_CXX_LIBRARY = "libc++";
				CLANG_ENABLE_MODULES = YES;
				CLANG_ENABLE_OBJC_ARC = YES;
				CLANG_ENABLE_OBJC_WEAK = YES;
				CLANG_WARN_BLOCK_CAPTURE_AUTORELEASING = YES;
				CLANG_WARN_BOOL_CONVERSION = YES;
				CLANG_WARN_COMMA = YES;
				CLANG_WARN_CONSTANT_CONVERSION = YES;
				CLANG_WARN_DEPRECATED_OBJC_IMPLEMENTATIONS = YES;
				CLANG_WARN_DIRECT_OBJC_ISA_USAGE = YES_ERROR;
				CLANG_WARN_DOCUMENTATION_COMMENTS = YES;
				CLANG_WARN_EMPTY_BODY = YES;
				CLANG_WARN_ENUM_CONVERSION = YES;
				CLANG_WARN_INFINITE_RECURSION = YES;
				CLANG_WARN_INT_CONVERSION = YES;
				CLANG_WARN_NON_LITERAL_NULL_CONVERSION = YES;
				CLANG_WARN_OBJC_IMPLICIT_RETAIN_SELF = YES;
				CLANG_WARN_OBJC_LITERAL_CONVERSION = YES;
				CLANG_WARN_OBJC_ROOT_CLASS = YES_ERROR;
				CLANG_WARN_RANGE_LOOP_ANALYSIS = YES;
				CLANG_WARN_STRICT_PROTOTYPES = YES;
				CLANG_WARN_SUSPICIOUS_MOVE = YES;
				CLANG_WARN_UNGUARDED_AVAILABILITY = YES_AGGRESSIVE;
				CLANG_WARN_UNREACHABLE_CODE = YES;
				CLANG_WARN__DUPLICATE_METHOD_MATCH = YES;
				CODE_SIGN_IDENTITY = "iPhone Developer";
				COPY_PHASE_STRIP = NO;
				DEBUG_INFORMATION_FORMAT = "dwarf-with-dsym";
				ENABLE_NS_ASSERTIONS = NO;
				ENABLE_STRICT_OBJC_MSGSEND = YES;
				GCC_C_LANGUAGE_STANDARD = gnu11;
				GCC_NO_COMMON_BLOCKS = YES;
				GCC_WARN_64_TO_32_BIT_CONVERSION = YES;
				GCC_WARN_ABOUT_RETURN_TYPE = YES_ERROR;
				GCC_WARN_UNDECLARED_SELECTOR = YES;
				GCC_WARN_UNINITIALIZED_AUTOS = YES_AGGRESSIVE;
				GCC_WARN_UNUSED_FUNCTION = YES;
				GCC_WARN_UNUSED_VARIABLE = YES;
				IPHONEOS_DEPLOYMENT_TARGET = 11.4;
				MTL_ENABLE_DEBUG_INFO = NO;
				SDKROOT = iphoneos;
				VALIDATE_PRODUCT = YES;
			};
			name = Release;
		};
		C9B3A9CD210F0BA800E44D01 /* Debug */ = {
			isa = XCBuildConfiguration;
			baseConfigurationReference = 866F86617C85BB05E2672986 /* Pods-CMP-Sample.debug.xcconfig */;
			buildSettings = {
				ALWAYS_EMBED_SWIFT_STANDARD_LIBRARIES = YES;
				ASSETCATALOG_COMPILER_APPICON_NAME = AppIcon;
				CODE_SIGN_STYLE = Automatic;
				DEVELOPMENT_TEAM = JUJ3BSV6FN;
				INFOPLIST_FILE = "CMP-Sample/Info.plist";
				LD_RUNPATH_SEARCH_PATHS = (
					"$(inherited)",
					"@executable_path/Frameworks",
				);
				PRODUCT_BUNDLE_IDENTIFIER = "io.vectaury.CMP-Sample";
				PRODUCT_NAME = "$(TARGET_NAME)";
				TARGETED_DEVICE_FAMILY = "1,2";
			};
			name = Debug;
		};
		C9B3A9CE210F0BA800E44D01 /* Release */ = {
			isa = XCBuildConfiguration;
			baseConfigurationReference = D5B418FBA91C801A6609623F /* Pods-CMP-Sample.release.xcconfig */;
			buildSettings = {
				ALWAYS_EMBED_SWIFT_STANDARD_LIBRARIES = YES;
				ASSETCATALOG_COMPILER_APPICON_NAME = AppIcon;
				CODE_SIGN_STYLE = Automatic;
				DEVELOPMENT_TEAM = JUJ3BSV6FN;
				INFOPLIST_FILE = "CMP-Sample/Info.plist";
				LD_RUNPATH_SEARCH_PATHS = (
					"$(inherited)",
					"@executable_path/Frameworks",
				);
				PRODUCT_BUNDLE_IDENTIFIER = "io.vectaury.CMP-Sample";
				PRODUCT_NAME = "$(TARGET_NAME)";
				TARGETED_DEVICE_FAMILY = "1,2";
			};
			name = Release;
		};
/* End XCBuildConfiguration section */

/* Begin XCConfigurationList section */
		C9B3A9B1210F0BA600E44D01 /* Build configuration list for PBXProject "CMP-Sample" */ = {
			isa = XCConfigurationList;
			buildConfigurations = (
				C9B3A9CA210F0BA800E44D01 /* Debug */,
				C9B3A9CB210F0BA800E44D01 /* Release */,
			);
			defaultConfigurationIsVisible = 0;
			defaultConfigurationName = Release;
		};
		C9B3A9CC210F0BA800E44D01 /* Build configuration list for PBXNativeTarget "CMP-Sample" */ = {
			isa = XCConfigurationList;
			buildConfigurations = (
				C9B3A9CD210F0BA800E44D01 /* Debug */,
				C9B3A9CE210F0BA800E44D01 /* Release */,
			);
			defaultConfigurationIsVisible = 0;
			defaultConfigurationName = Release;
		};
/* End XCConfigurationList section */
	};
	rootObject = C9B3A9AE210F0BA600E44D01 /* Project object */;
}
